
Microsoft Visual Studio Solution File, Format Version 12.00
# Visual Studio Version 16
VisualStudioVersion = 16.0.30114.105
MinimumVisualStudioVersion = 10.0.40219.1
Project("{FAE04EC0-301F-11D3-BF4B-00C04F79EFBC}") = "InitOnlySetter", "InitOnlySetter\InitOnlySetter.csproj", "{FA0A0622-0DD7-4A16-AFA9-10331BC511F8}"
EndProject
Project("{FAE04EC0-301F-11D3-BF4B-00C04F79EFBC}") = "RecordType", "RecordType\RecordType.csproj", "{C72C9564-5F99-45AC-828D-96AE97A1A7C1}"
EndProject
Project("{FAE04EC0-301F-11D3-BF4B-00C04F79EFBC}") = "TopLevelStatements", "TopLevelStatements\TopLevelStatements.csproj", "{47F71193-DCEE-4809-A911-7323DF2BAE56}"
EndProject
Project("{FAE04EC0-301F-11D3-BF4B-00C04F79EFBC}") = "PatternMatching", "PatternMatching\PatternMatching.csproj", "{E36A11C9-EE4A-4CCD-8A72-1D429D236B9F}"
EndProject
Project("{FAE04EC0-301F-11D3-BF4B-00C04F79EFBC}") = "TargetTypedNew", "TargetTypedNew\TargetTypedNew.csproj", "{F166E3BC-EC0D-4E0B-9F71-E761A559D10E}"
EndProject
Project("{FAE04EC0-301F-11D3-BF4B-00C04F79EFBC}") = "StaticAnonymousFunction", "StaticAnonymousFunction\StaticAnonymousFunction.csproj", "{A894C429-89D9-432B-9815-2D20317770D0}"
EndProject
Global
	GlobalSection(SolutionProperties) = preSolution
		HideSolutionNode = FALSE
	EndGlobalSection
	GlobalSection(SolutionConfigurationPlatforms) = preSolution
		Debug|Any CPU = Debug|Any CPU
		Debug|x64 = Debug|x64
		Debug|x86 = Debug|x86
		Release|Any CPU = Release|Any CPU
		Release|x64 = Release|x64
		Release|x86 = Release|x86
	EndGlobalSection
	GlobalSection(ProjectConfigurationPlatforms) = postSolution
		{FA0A0622-0DD7-4A16-AFA9-10331BC511F8}.Debug|Any CPU.ActiveCfg = Debug|Any CPU
		{FA0A0622-0DD7-4A16-AFA9-10331BC511F8}.Debug|Any CPU.Build.0 = Debug|Any CPU
		{FA0A0622-0DD7-4A16-AFA9-10331BC511F8}.Debug|x64.ActiveCfg = Debug|Any CPU
		{FA0A0622-0DD7-4A16-AFA9-10331BC511F8}.Debug|x64.Build.0 = Debug|Any CPU
		{FA0A0622-0DD7-4A16-AFA9-10331BC511F8}.Debug|x86.ActiveCfg = Debug|Any CPU
		{FA0A0622-0DD7-4A16-AFA9-10331BC511F8}.Debug|x86.Build.0 = Debug|Any CPU
		{FA0A0622-0DD7-4A16-AFA9-10331BC511F8}.Release|Any CPU.ActiveCfg = Release|Any CPU
		{FA0A0622-0DD7-4A16-AFA9-10331BC511F8}.Release|Any CPU.Build.0 = Release|Any CPU
		{FA0A0622-0DD7-4A16-AFA9-10331BC511F8}.Release|x64.ActiveCfg = Release|Any CPU
		{FA0A0622-0DD7-4A16-AFA9-10331BC511F8}.Release|x64.Build.0 = Release|Any CPU
		{FA0A0622-0DD7-4A16-AFA9-10331BC511F8}.Release|x86.ActiveCfg = Release|Any CPU
		{FA0A0622-0DD7-4A16-AFA9-10331BC511F8}.Release|x86.Build.0 = Release|Any CPU
		{C72C9564-5F99-45AC-828D-96AE97A1A7C1}.Debug|Any CPU.ActiveCfg = Debug|Any CPU
		{C72C9564-5F99-45AC-828D-96AE97A1A7C1}.Debug|Any CPU.Build.0 = Debug|Any CPU
		{C72C9564-5F99-45AC-828D-96AE97A1A7C1}.Debug|x64.ActiveCfg = Debug|Any CPU
		{C72C9564-5F99-45AC-828D-96AE97A1A7C1}.Debug|x64.Build.0 = Debug|Any CPU
		{C72C9564-5F99-45AC-828D-96AE97A1A7C1}.Debug|x86.ActiveCfg = Debug|Any CPU
		{C72C9564-5F99-45AC-828D-96AE97A1A7C1}.Debug|x86.Build.0 = Debug|Any CPU
		{C72C9564-5F99-45AC-828D-96AE97A1A7C1}.Release|Any CPU.ActiveCfg = Release|Any CPU
		{C72C9564-5F99-45AC-828D-96AE97A1A7C1}.Release|Any CPU.Build.0 = Release|Any CPU
		{C72C9564-5F99-45AC-828D-96AE97A1A7C1}.Release|x64.ActiveCfg = Release|Any CPU
		{C72C9564-5F99-45AC-828D-96AE97A1A7C1}.Release|x64.Build.0 = Release|Any CPU
		{C72C9564-5F99-45AC-828D-96AE97A1A7C1}.Release|x86.ActiveCfg = Release|Any CPU
		{C72C9564-5F99-45AC-828D-96AE97A1A7C1}.Release|x86.Build.0 = Release|Any CPU
		{47F71193-DCEE-4809-A911-7323DF2BAE56}.Debug|Any CPU.ActiveCfg = Debug|Any CPU
		{47F71193-DCEE-4809-A911-7323DF2BAE56}.Debug|Any CPU.Build.0 = Debug|Any CPU
		{47F71193-DCEE-4809-A911-7323DF2BAE56}.Debug|x64.ActiveCfg = Debug|Any CPU
		{47F71193-DCEE-4809-A911-7323DF2BAE56}.Debug|x64.Build.0 = Debug|Any CPU
		{47F71193-DCEE-4809-A911-7323DF2BAE56}.Debug|x86.ActiveCfg = Debug|Any CPU
		{47F71193-DCEE-4809-A911-7323DF2BAE56}.Debug|x86.Build.0 = Debug|Any CPU
		{47F71193-DCEE-4809-A911-7323DF2BAE56}.Release|Any CPU.ActiveCfg = Release|Any CPU
		{47F71193-DCEE-4809-A911-7323DF2BAE56}.Release|Any CPU.Build.0 = Release|Any CPU
		{47F71193-DCEE-4809-A911-7323DF2BAE56}.Release|x64.ActiveCfg = Release|Any CPU
		{47F71193-DCEE-4809-A911-7323DF2BAE56}.Release|x64.Build.0 = Release|Any CPU
		{47F71193-DCEE-4809-A911-7323DF2BAE56}.Release|x86.ActiveCfg = Release|Any CPU
		{47F71193-DCEE-4809-A911-7323DF2BAE56}.Release|x86.Build.0 = Release|Any CPU
		{E36A11C9-EE4A-4CCD-8A72-1D429D236B9F}.Debug|Any CPU.ActiveCfg = Debug|Any CPU
		{E36A11C9-EE4A-4CCD-8A72-1D429D236B9F}.Debug|Any CPU.Build.0 = Debug|Any CPU
		{E36A11C9-EE4A-4CCD-8A72-1D429D236B9F}.Debug|x64.ActiveCfg = Debug|Any CPU
		{E36A11C9-EE4A-4CCD-8A72-1D429D236B9F}.Debug|x64.Build.0 = Debug|Any CPU
		{E36A11C9-EE4A-4CCD-8A72-1D429D236B9F}.Debug|x86.ActiveCfg = Debug|Any CPU
		{E36A11C9-EE4A-4CCD-8A72-1D429D236B9F}.Debug|x86.Build.0 = Debug|Any CPU
		{E36A11C9-EE4A-4CCD-8A72-1D429D236B9F}.Release|Any CPU.ActiveCfg = Release|Any CPU
		{E36A11C9-EE4A-4CCD-8A72-1D429D236B9F}.Release|Any CPU.Build.0 = Release|Any CPU
		{E36A11C9-EE4A-4CCD-8A72-1D429D236B9F}.Release|x64.ActiveCfg = Release|Any CPU
		{E36A11C9-EE4A-4CCD-8A72-1D429D236B9F}.Release|x64.Build.0 = Release|Any CPU
		{E36A11C9-EE4A-4CCD-8A72-1D429D236B9F}.Release|x86.ActiveCfg = Release|Any CPU
		{E36A11C9-EE4A-4CCD-8A72-1D429D236B9F}.Release|x86.Build.0 = Release|Any CPU
		{F166E3BC-EC0D-4E0B-9F71-E761A559D10E}.Debug|Any CPU.ActiveCfg = Debug|Any CPU
		{F166E3BC-EC0D-4E0B-9F71-E761A559D10E}.Debug|Any CPU.Build.0 = Debug|Any CPU
		{F166E3BC-EC0D-4E0B-9F71-E761A559D10E}.Debug|x64.ActiveCfg = Debug|Any CPU
		{F166E3BC-EC0D-4E0B-9F71-E761A559D10E}.Debug|x64.Build.0 = Debug|Any CPU
		{F166E3BC-EC0D-4E0B-9F71-E761A559D10E}.Debug|x86.ActiveCfg = Debug|Any CPU
		{F166E3BC-EC0D-4E0B-9F71-E761A559D10E}.Debug|x86.Build.0 = Debug|Any CPU
		{F166E3BC-EC0D-4E0B-9F71-E761A559D10E}.Release|Any CPU.ActiveCfg = Release|Any CPU
		{F166E3BC-EC0D-4E0B-9F71-E761A559D10E}.Release|Any CPU.Build.0 = Release|Any CPU
		{F166E3BC-EC0D-4E0B-9F71-E761A559D10E}.Release|x64.ActiveCfg = Release|Any CPU
		{F166E3BC-EC0D-4E0B-9F71-E761A559D10E}.Release|x64.Build.0 = Release|Any CPU
		{F166E3BC-EC0D-4E0B-9F71-E761A559D10E}.Release|x86.ActiveCfg = Release|Any CPU
		{F166E3BC-EC0D-4E0B-9F71-E761A559D10E}.Release|x86.Build.0 = Release|Any CPU
		{A894C429-89D9-432B-9815-2D20317770D0}.Debug|Any CPU.ActiveCfg = Debug|Any CPU
		{A894C429-89D9-432B-9815-2D20317770D0}.Debug|Any CPU.Build.0 = Debug|Any CPU
		{A894C429-89D9-432B-9815-2D20317770D0}.Debug|x64.ActiveCfg = Debug|Any CPU
		{A894C429-89D9-432B-9815-2D20317770D0}.Debug|x64.Build.0 = Debug|Any CPU
		{A894C429-89D9-432B-9815-2D20317770D0}.Debug|x86.ActiveCfg = Debug|Any CPU
		{A894C429-89D9-432B-9815-2D20317770D0}.Debug|x86.Build.0 = Debug|Any CPU
		{A894C429-89D9-432B-9815-2D20317770D0}.Release|Any CPU.ActiveCfg = Release|Any CPU
		{A894C429-89D9-432B-9815-2D20317770D0}.Release|Any CPU.Build.0 = Release|Any CPU
		{A894C429-89D9-432B-9815-2D20317770D0}.Release|x64.ActiveCfg = Release|Any CPU
		{A894C429-89D9-432B-9815-2D20317770D0}.Release|x64.Build.0 = Release|Any CPU
		{A894C429-89D9-432B-9815-2D20317770D0}.Release|x86.ActiveCfg = Release|Any CPU
		{A894C429-89D9-432B-9815-2D20317770D0}.Release|x86.Build.0 = Release|Any CPU
	EndGlobalSection
EndGlobal
